{
  "originHash": "2d089f71cafe8d8888657f45825d57b894454ca6a4c7aa33051e23bb9d8492fa",
  "pins": [
    {
      "identity": "swift-log",
      "kind": "remoteSourceControl",
      "location": "https://github.com/apple/swift-log.git",
      "state": {
        "revision": "9cb486020ebf03bfa5b5df985387a14a98744537",
        "version": "1.6.1"
      }
    },
    {
      "identity": "commonlog",
      "kind": "remoteSourceControl",
      "location": "https://github.com/wrkstrm/common-log.git",
      "state": {
        "revision": "12d4a33af2070e5282aab14d84a48a2baa168d0a",
        "version": "3.0.0"
      }
    },
    {
      "identity": "swift-universal-main",
      "kind": "remoteSourceControl",
      "location": "https://github.com/swift-universal/swift-universal-main.git",
      "state": {
        "revision": "9a7c83c10d439eeb22c643cde50e826d33152d3b",
        "version": "3.0.4"
      }
    }
  ],
  "version": 3
}
